{
  "name": "async-iterator-playground",
  "lockfileVersion": 3,
  "requires": true,
  "packages": {
    "": {
      "dependencies": {
        "aggregate-async-iterator": "^1.1.15"
      }
    },
    "node_modules/aggregate-async-iterator": {
      "version": "1.1.15",
      "resolved": "https://registry.npmjs.org/aggregate-async-iterator/-/aggregate-async-iterator-1.1.15.tgz",
      "integrity": "sha512-hy8E6gL4nbod99Zi3PRR4HKoBn2AGU+nE/KNDURnOoZxsHiuDciamWICf0L02XOGSH+ML6Jpby1r+ioB/ZI8kw=="
    }
  }
}
