{
  "name": "async-iterator-playground",
  "lockfileVersion": 2,
  "requires": true,
  "packages": {
    "": {
      "dependencies": {
        "aggregate-async-iterator": "^1.1.7"
      }
    },
    "node_modules/aggregate-async-iterator": {
      "version": "1.1.7",
      "resolved": "https://mfelten.dynv6.net/services/npm/aggregate-async-iterator/-/aggregate-async-iterator-1.1.7.tgz",
      "integrity": "sha512-jiTrtWHf5bAlAh61OJSLLKIGRZuo8L3nQ+DNHzMyTcKlb6ElD0lKs+u+UIVaoIjJGxaGwgp+kCojnElIZX4OSg==",
      "license": "BSD-2-Clause"
    }
  },
  "dependencies": {
    "aggregate-async-iterator": {
      "version": "1.1.7",
      "resolved": "https://mfelten.dynv6.net/services/npm/aggregate-async-iterator/-/aggregate-async-iterator-1.1.7.tgz",
      "integrity": "sha512-jiTrtWHf5bAlAh61OJSLLKIGRZuo8L3nQ+DNHzMyTcKlb6ElD0lKs+u+UIVaoIjJGxaGwgp+kCojnElIZX4OSg=="
    }
  }
}
